{
  "name": "digital-anon",
  "lockfileVersion": 2,
  "requires": true,
  "packages": {
    "": {
      "dependencies": {
        "openseadragon": "^4.0.0"
      }
    },
    "node_modules/openseadragon": {
      "version": "4.0.0",
      "resolved": "https://registry.npmjs.org/openseadragon/-/openseadragon-4.0.0.tgz",
      "integrity": "sha512-HsjSgqiiPwLkW5576GxDJ7Rax96iLUET8fnTsJvu7uYYkd+qzen3bflxHyph0OVVgZBKP9SpGH1nPdU4Mz0Z2A==",
      "funding": {
        "url": "https://opencollective.com/openseadragon"
      }
    }
  },
  "dependencies": {
    "openseadragon": {
      "version": "4.0.0",
      "resolved": "https://registry.npmjs.org/openseadragon/-/openseadragon-4.0.0.tgz",
      "integrity": "sha512-HsjSgqiiPwLkW5576GxDJ7Rax96iLUET8fnTsJvu7uYYkd+qzen3bflxHyph0OVVgZBKP9SpGH1nPdU4Mz0Z2A=="
    }
  }
}
